
Microsoft Visual Studio Solution File, Format Version 12.00
# Visual Studio 15
VisualStudioVersion = 15.0.28307.1300
MinimumVisualStudioVersion = 10.0.40219.1
Project("{FAE04EC0-301F-11D3-BF4B-00C04F79EFBC}") = "GenParametroWU", "GenParametroWU\GenParametroWU.csproj", "{6DE5E2E7-23B6-447E-84D6-6D3B51702A9B}"
EndProject
Project("{FAE04EC0-301F-11D3-BF4B-00C04F79EFBC}") = "Data.DBBOFCT", "Data.DBBOFCT\Data.DBBOFCT.csproj", "{E7EF474C-3AB1-4148-B0B8-A5A8F1EDC909}"
EndProject
Global
	GlobalSection(SolutionConfigurationPlatforms) = preSolution
		Debug|Any CPU = Debug|Any CPU
		Release|Any CPU = Release|Any CPU
	EndGlobalSection
	GlobalSection(ProjectConfigurationPlatforms) = postSolution
		{6DE5E2E7-23B6-447E-84D6-6D3B51702A9B}.Debug|Any CPU.ActiveCfg = Debug|Any CPU
		{6DE5E2E7-23B6-447E-84D6-6D3B51702A9B}.Debug|Any CPU.Build.0 = Debug|Any CPU
		{6DE5E2E7-23B6-447E-84D6-6D3B51702A9B}.Release|Any CPU.ActiveCfg = Release|Any CPU
		{6DE5E2E7-23B6-447E-84D6-6D3B51702A9B}.Release|Any CPU.Build.0 = Release|Any CPU
		{E7EF474C-3AB1-4148-B0B8-A5A8F1EDC909}.Debug|Any CPU.ActiveCfg = Debug|Any CPU
		{E7EF474C-3AB1-4148-B0B8-A5A8F1EDC909}.Debug|Any CPU.Build.0 = Debug|Any CPU
		{E7EF474C-3AB1-4148-B0B8-A5A8F1EDC909}.Release|Any CPU.ActiveCfg = Release|Any CPU
		{E7EF474C-3AB1-4148-B0B8-A5A8F1EDC909}.Release|Any CPU.Build.0 = Release|Any CPU
	EndGlobalSection
	GlobalSection(SolutionProperties) = preSolution
		HideSolutionNode = FALSE
	EndGlobalSection
	GlobalSection(ExtensibilityGlobals) = postSolution
		SolutionGuid = {0F5371C3-1999-47A2-BA69-FEC856B6DE15}
	EndGlobalSection
EndGlobal
